
Microsoft Visual Studio Solution File, Format Version 10.00
# Visual Studio 2008
Project("{8BC9CEB8-8B4A-11D0-8D11-00A0C91BC942}") = "apr", "..\..\apr\apr.vcproj", "{62DA6A9B-F9D9-4A0D-B2E5-8A80A5F74461}"
EndProject
Project("{8BC9CEB8-8B4A-11D0-8D11-00A0C91BC942}") = "xml", "..\..\apr-util\xml\expat\lib\xml.vcproj", "{2C3684CE-E8F4-4DAF-992B-05B1CA0ACE86}"
EndProject
Project("{8BC9CEB8-8B4A-11D0-8D11-00A0C91BC942}") = "aprutil", "..\..\apr-util\aprutil.vcproj", "{0B7AD107-AA5F-444B-BFB3-97BFEAFA9EE2}"
	ProjectSection(ProjectDependencies) = postProject
		{62DA6A9B-F9D9-4A0D-B2E5-8A80A5F74461} = {62DA6A9B-F9D9-4A0D-B2E5-8A80A5F74461}
		{2C3684CE-E8F4-4DAF-992B-05B1CA0ACE86} = {2C3684CE-E8F4-4DAF-992B-05B1CA0ACE86}
	EndProjectSection
EndProject
Project("{8BC9CEB8-8B4A-11D0-8D11-00A0C91BC942}") = "log4cxx", "log4cxx.vcproj", "{AFFFC15A-5A1A-4367-B7BE-49027B4C8395}"
	ProjectSection(ProjectDependencies) = postProject
		{62DA6A9B-F9D9-4A0D-B2E5-8A80A5F74461} = {62DA6A9B-F9D9-4A0D-B2E5-8A80A5F74461}
		{2C3684CE-E8F4-4DAF-992B-05B1CA0ACE86} = {2C3684CE-E8F4-4DAF-992B-05B1CA0ACE86}
		{0B7AD107-AA5F-444B-BFB3-97BFEAFA9EE2} = {0B7AD107-AA5F-444B-BFB3-97BFEAFA9EE2}
	EndProjectSection
EndProject
Global
	GlobalSection(SolutionConfigurationPlatforms) = preSolution
		Debug|Win32 = Debug|Win32
		Debug9x|Win32 = Debug9x|Win32
		Release|Win32 = Release|Win32
		Release9x|Win32 = Release9x|Win32
	EndGlobalSection
	GlobalSection(ProjectConfigurationPlatforms) = postSolution
		{62DA6A9B-F9D9-4A0D-B2E5-8A80A5F74461}.Debug|Win32.ActiveCfg = Debug|Win32
		{62DA6A9B-F9D9-4A0D-B2E5-8A80A5F74461}.Debug|Win32.Build.0 = Debug|Win32
		{62DA6A9B-F9D9-4A0D-B2E5-8A80A5F74461}.Debug9x|Win32.ActiveCfg = Debug9x|Win32
		{62DA6A9B-F9D9-4A0D-B2E5-8A80A5F74461}.Debug9x|Win32.Build.0 = Debug9x|Win32
		{62DA6A9B-F9D9-4A0D-B2E5-8A80A5F74461}.Release|Win32.ActiveCfg = Release|Win32
		{62DA6A9B-F9D9-4A0D-B2E5-8A80A5F74461}.Release|Win32.Build.0 = Release|Win32
		{62DA6A9B-F9D9-4A0D-B2E5-8A80A5F74461}.Release9x|Win32.ActiveCfg = Release9x|Win32
		{62DA6A9B-F9D9-4A0D-B2E5-8A80A5F74461}.Release9x|Win32.Build.0 = Release9x|Win32
		{2C3684CE-E8F4-4DAF-992B-05B1CA0ACE86}.Debug|Win32.ActiveCfg = Debug|Win32
		{2C3684CE-E8F4-4DAF-992B-05B1CA0ACE86}.Debug|Win32.Build.0 = Debug|Win32
		{2C3684CE-E8F4-4DAF-992B-05B1CA0ACE86}.Debug9x|Win32.ActiveCfg = Debug|Win32
		{2C3684CE-E8F4-4DAF-992B-05B1CA0ACE86}.Debug9x|Win32.Build.0 = Debug|Win32
		{2C3684CE-E8F4-4DAF-992B-05B1CA0ACE86}.Release|Win32.ActiveCfg = Release|Win32
		{2C3684CE-E8F4-4DAF-992B-05B1CA0ACE86}.Release|Win32.Build.0 = Release|Win32
		{2C3684CE-E8F4-4DAF-992B-05B1CA0ACE86}.Release9x|Win32.ActiveCfg = Release|Win32
		{2C3684CE-E8F4-4DAF-992B-05B1CA0ACE86}.Release9x|Win32.Build.0 = Release|Win32
		{0B7AD107-AA5F-444B-BFB3-97BFEAFA9EE2}.Debug|Win32.ActiveCfg = Debug|Win32
		{0B7AD107-AA5F-444B-BFB3-97BFEAFA9EE2}.Debug|Win32.Build.0 = Debug|Win32
		{0B7AD107-AA5F-444B-BFB3-97BFEAFA9EE2}.Debug9x|Win32.ActiveCfg = Debug|Win32
		{0B7AD107-AA5F-444B-BFB3-97BFEAFA9EE2}.Debug9x|Win32.Build.0 = Debug|Win32
		{0B7AD107-AA5F-444B-BFB3-97BFEAFA9EE2}.Release|Win32.ActiveCfg = Release|Win32
		{0B7AD107-AA5F-444B-BFB3-97BFEAFA9EE2}.Release|Win32.Build.0 = Release|Win32
		{0B7AD107-AA5F-444B-BFB3-97BFEAFA9EE2}.Release9x|Win32.ActiveCfg = Release|Win32
		{0B7AD107-AA5F-444B-BFB3-97BFEAFA9EE2}.Release9x|Win32.Build.0 = Release|Win32
		{AFFFC15A-5A1A-4367-B7BE-49027B4C8395}.Debug|Win32.ActiveCfg = Debug|Win32
		{AFFFC15A-5A1A-4367-B7BE-49027B4C8395}.Debug|Win32.Build.0 = Debug|Win32
		{AFFFC15A-5A1A-4367-B7BE-49027B4C8395}.Debug9x|Win32.ActiveCfg = Debug|Win32
		{AFFFC15A-5A1A-4367-B7BE-49027B4C8395}.Debug9x|Win32.Build.0 = Debug|Win32
		{AFFFC15A-5A1A-4367-B7BE-49027B4C8395}.Release|Win32.ActiveCfg = Release|Win32
		{AFFFC15A-5A1A-4367-B7BE-49027B4C8395}.Release|Win32.Build.0 = Release|Win32
		{AFFFC15A-5A1A-4367-B7BE-49027B4C8395}.Release9x|Win32.ActiveCfg = Release|Win32
		{AFFFC15A-5A1A-4367-B7BE-49027B4C8395}.Release9x|Win32.Build.0 = Release|Win32
	EndGlobalSection
	GlobalSection(SolutionProperties) = preSolution
		HideSolutionNode = FALSE
	EndGlobalSection
EndGlobal
